
Microsoft Visual Studio Solution File, Format Version 9.00
# Visual Studio 2005
Project("{8BC9CEB8-8B4A-11D0-8D11-00A0C91BC942}") = "pi-counter", "pi-counter\pi-counter.vcproj", "{27984223-0EB6-47D0-9FD3-24FE9BA815B0}"
EndProject
Project("{8BC9CEB8-8B4A-11D0-8D11-00A0C91BC942}") = "pi-counter-test", "pi-counter-test\pi-counter-test.vcproj", "{E6984D86-A9A1-420D-8F53-9A5C07940C85}"
EndProject
Project("{FAE04EC0-301F-11D3-BF4B-00C04F79EFBC}") = "pi-counter-ui", "pi-counter-ui\pi-counter-ui.csproj", "{940D1FA6-CF11-4EEB-8C0A-E1B02EC27207}"
EndProject
Global
	GlobalSection(SolutionConfigurationPlatforms) = preSolution
		Debug|Any CPU = Debug|Any CPU
		Debug|Mixed Platforms = Debug|Mixed Platforms
		Debug|Win32 = Debug|Win32
		PiCounterDll|Any CPU = PiCounterDll|Any CPU
		PiCounterDll|Mixed Platforms = PiCounterDll|Mixed Platforms
		PiCounterDll|Win32 = PiCounterDll|Win32
		PiCounterTestsDebug|Any CPU = PiCounterTestsDebug|Any CPU
		PiCounterTestsDebug|Mixed Platforms = PiCounterTestsDebug|Mixed Platforms
		PiCounterTestsDebug|Win32 = PiCounterTestsDebug|Win32
		Release|Any CPU = Release|Any CPU
		Release|Mixed Platforms = Release|Mixed Platforms
		Release|Win32 = Release|Win32
	EndGlobalSection
	GlobalSection(ProjectConfigurationPlatforms) = postSolution
		{27984223-0EB6-47D0-9FD3-24FE9BA815B0}.Debug|Any CPU.ActiveCfg = Debug|Win32
		{27984223-0EB6-47D0-9FD3-24FE9BA815B0}.Debug|Mixed Platforms.ActiveCfg = Debug|Win32
		{27984223-0EB6-47D0-9FD3-24FE9BA815B0}.Debug|Mixed Platforms.Build.0 = Debug|Win32
		{27984223-0EB6-47D0-9FD3-24FE9BA815B0}.Debug|Win32.ActiveCfg = Debug|Win32
		{27984223-0EB6-47D0-9FD3-24FE9BA815B0}.Debug|Win32.Build.0 = Debug|Win32
		{27984223-0EB6-47D0-9FD3-24FE9BA815B0}.PiCounterDll|Any CPU.ActiveCfg = PiCounterDll|Win32
		{27984223-0EB6-47D0-9FD3-24FE9BA815B0}.PiCounterDll|Mixed Platforms.ActiveCfg = PiCounterDll|Win32
		{27984223-0EB6-47D0-9FD3-24FE9BA815B0}.PiCounterDll|Mixed Platforms.Build.0 = PiCounterDll|Win32
		{27984223-0EB6-47D0-9FD3-24FE9BA815B0}.PiCounterDll|Win32.ActiveCfg = PiCounterDll|Win32
		{27984223-0EB6-47D0-9FD3-24FE9BA815B0}.PiCounterDll|Win32.Build.0 = PiCounterDll|Win32
		{27984223-0EB6-47D0-9FD3-24FE9BA815B0}.PiCounterTestsDebug|Any CPU.ActiveCfg = PiCounterTestsDebug|Win32
		{27984223-0EB6-47D0-9FD3-24FE9BA815B0}.PiCounterTestsDebug|Mixed Platforms.ActiveCfg = PiCounterTestsDebug|Win32
		{27984223-0EB6-47D0-9FD3-24FE9BA815B0}.PiCounterTestsDebug|Mixed Platforms.Build.0 = PiCounterTestsDebug|Win32
		{27984223-0EB6-47D0-9FD3-24FE9BA815B0}.PiCounterTestsDebug|Win32.ActiveCfg = PiCounterTestsDebug|Win32
		{27984223-0EB6-47D0-9FD3-24FE9BA815B0}.PiCounterTestsDebug|Win32.Build.0 = PiCounterTestsDebug|Win32
		{27984223-0EB6-47D0-9FD3-24FE9BA815B0}.Release|Any CPU.ActiveCfg = Release|Win32
		{27984223-0EB6-47D0-9FD3-24FE9BA815B0}.Release|Mixed Platforms.ActiveCfg = Release|Win32
		{27984223-0EB6-47D0-9FD3-24FE9BA815B0}.Release|Mixed Platforms.Build.0 = Release|Win32
		{27984223-0EB6-47D0-9FD3-24FE9BA815B0}.Release|Win32.ActiveCfg = Release|Win32
		{27984223-0EB6-47D0-9FD3-24FE9BA815B0}.Release|Win32.Build.0 = Release|Win32
		{E6984D86-A9A1-420D-8F53-9A5C07940C85}.Debug|Any CPU.ActiveCfg = Debug|Win32
		{E6984D86-A9A1-420D-8F53-9A5C07940C85}.Debug|Mixed Platforms.ActiveCfg = Debug|Win32
		{E6984D86-A9A1-420D-8F53-9A5C07940C85}.Debug|Mixed Platforms.Build.0 = Debug|Win32
		{E6984D86-A9A1-420D-8F53-9A5C07940C85}.Debug|Win32.ActiveCfg = Debug|Win32
		{E6984D86-A9A1-420D-8F53-9A5C07940C85}.Debug|Win32.Build.0 = Debug|Win32
		{E6984D86-A9A1-420D-8F53-9A5C07940C85}.PiCounterDll|Any CPU.ActiveCfg = PiCounterDll|Win32
		{E6984D86-A9A1-420D-8F53-9A5C07940C85}.PiCounterDll|Mixed Platforms.ActiveCfg = PiCounterDll|Win32
		{E6984D86-A9A1-420D-8F53-9A5C07940C85}.PiCounterDll|Mixed Platforms.Build.0 = PiCounterDll|Win32
		{E6984D86-A9A1-420D-8F53-9A5C07940C85}.PiCounterDll|Win32.ActiveCfg = PiCounterDll|Win32
		{E6984D86-A9A1-420D-8F53-9A5C07940C85}.PiCounterTestsDebug|Any CPU.ActiveCfg = PiCounterTestsDebug|Win32
		{E6984D86-A9A1-420D-8F53-9A5C07940C85}.PiCounterTestsDebug|Mixed Platforms.ActiveCfg = PiCounterTestsDebug|Win32
		{E6984D86-A9A1-420D-8F53-9A5C07940C85}.PiCounterTestsDebug|Mixed Platforms.Build.0 = PiCounterTestsDebug|Win32
		{E6984D86-A9A1-420D-8F53-9A5C07940C85}.PiCounterTestsDebug|Win32.ActiveCfg = PiCounterTestsDebug|Win32
		{E6984D86-A9A1-420D-8F53-9A5C07940C85}.PiCounterTestsDebug|Win32.Build.0 = PiCounterTestsDebug|Win32
		{E6984D86-A9A1-420D-8F53-9A5C07940C85}.Release|Any CPU.ActiveCfg = Release|Win32
		{E6984D86-A9A1-420D-8F53-9A5C07940C85}.Release|Mixed Platforms.ActiveCfg = Release|Win32
		{E6984D86-A9A1-420D-8F53-9A5C07940C85}.Release|Mixed Platforms.Build.0 = Release|Win32
		{E6984D86-A9A1-420D-8F53-9A5C07940C85}.Release|Win32.ActiveCfg = Release|Win32
		{E6984D86-A9A1-420D-8F53-9A5C07940C85}.Release|Win32.Build.0 = Release|Win32
		{940D1FA6-CF11-4EEB-8C0A-E1B02EC27207}.Debug|Any CPU.ActiveCfg = Debug|Any CPU
		{940D1FA6-CF11-4EEB-8C0A-E1B02EC27207}.Debug|Any CPU.Build.0 = Debug|Any CPU
		{940D1FA6-CF11-4EEB-8C0A-E1B02EC27207}.Debug|Mixed Platforms.ActiveCfg = Debug|Any CPU
		{940D1FA6-CF11-4EEB-8C0A-E1B02EC27207}.Debug|Mixed Platforms.Build.0 = Debug|Any CPU
		{940D1FA6-CF11-4EEB-8C0A-E1B02EC27207}.Debug|Win32.ActiveCfg = Debug|Any CPU
		{940D1FA6-CF11-4EEB-8C0A-E1B02EC27207}.PiCounterDll|Any CPU.ActiveCfg = Release|Any CPU
		{940D1FA6-CF11-4EEB-8C0A-E1B02EC27207}.PiCounterDll|Any CPU.Build.0 = Release|Any CPU
		{940D1FA6-CF11-4EEB-8C0A-E1B02EC27207}.PiCounterDll|Mixed Platforms.ActiveCfg = Release|Any CPU
		{940D1FA6-CF11-4EEB-8C0A-E1B02EC27207}.PiCounterDll|Mixed Platforms.Build.0 = Release|Any CPU
		{940D1FA6-CF11-4EEB-8C0A-E1B02EC27207}.PiCounterDll|Win32.ActiveCfg = Release|Any CPU
		{940D1FA6-CF11-4EEB-8C0A-E1B02EC27207}.PiCounterTestsDebug|Any CPU.ActiveCfg = Debug|Any CPU
		{940D1FA6-CF11-4EEB-8C0A-E1B02EC27207}.PiCounterTestsDebug|Any CPU.Build.0 = Debug|Any CPU
		{940D1FA6-CF11-4EEB-8C0A-E1B02EC27207}.PiCounterTestsDebug|Mixed Platforms.ActiveCfg = Debug|Any CPU
		{940D1FA6-CF11-4EEB-8C0A-E1B02EC27207}.PiCounterTestsDebug|Mixed Platforms.Build.0 = Debug|Any CPU
		{940D1FA6-CF11-4EEB-8C0A-E1B02EC27207}.PiCounterTestsDebug|Win32.ActiveCfg = Debug|Any CPU
		{940D1FA6-CF11-4EEB-8C0A-E1B02EC27207}.Release|Any CPU.ActiveCfg = Release|Any CPU
		{940D1FA6-CF11-4EEB-8C0A-E1B02EC27207}.Release|Any CPU.Build.0 = Release|Any CPU
		{940D1FA6-CF11-4EEB-8C0A-E1B02EC27207}.Release|Mixed Platforms.ActiveCfg = Release|Any CPU
		{940D1FA6-CF11-4EEB-8C0A-E1B02EC27207}.Release|Mixed Platforms.Build.0 = Release|Any CPU
		{940D1FA6-CF11-4EEB-8C0A-E1B02EC27207}.Release|Win32.ActiveCfg = Release|Any CPU
	EndGlobalSection
	GlobalSection(SolutionProperties) = preSolution
		HideSolutionNode = FALSE
	EndGlobalSection
EndGlobal
